# This file is autogenerated, do not edit; changes may be undone by the next 'dep ensure'.


[[projects]]
  branch = "master"
  name = "a4.io/blobstash"
  packages = ["pkg/apps/luautil"]
  revision = "98c841336f0089e6d4b4c98d1f8fa873d6a6b8d2"

[[projects]]
  branch = "master"
  name = "a4.io/gluapp"
  packages = [
    ".",
    "util"
  ]
  revision = "ca7cb5c8db5bb96d8902b8a1c481efed6fa4abd1"

[[projects]]
  branch = "master"
  name = "a4.io/gluarequire2"
  packages = ["."]
  revision = "66e0eb2c6a9f11df92a9f12ef9863b33f8f252a2"

[[projects]]
  branch = "master"
  name = "github.com/buger/goterm"
  packages = ["."]
  revision = "c9def0117b24a53e86f6c4c942e4042090a4fe8c"

[[projects]]
  name = "github.com/fsnotify/fsnotify"
  packages = ["."]
  revision = "c2828203cd70a50dcccfb2761f8b1f8ceef9a8e9"
  version = "v1.4.7"

[[projects]]
  name = "github.com/garyburd/redigo"
  packages = [
    "internal",
    "redis"
  ]
  revision = "a69d19351219b6dd56f274f96d85a7014a2ec34e"
  version = "v1.6.0"

[[projects]]
  name = "github.com/gorilla/context"
  packages = ["."]
  revision = "1ea25387ff6f684839d82767c1733ff4d4d15d0a"
  version = "v1.1"

[[projects]]
  name = "github.com/gorilla/mux"
  packages = ["."]
  revision = "53c1911da2b537f792e7cafcb446b05ffe33b996"
  version = "v1.6.1"

[[projects]]
  name = "github.com/patrickmn/go-cache"
  packages = ["."]
  revision = "a3647f8e31d79543b2d0f0ae2fe5c379d72cedc0"
  version = "v2.1.0"

[[projects]]
  name = "github.com/r3labs/sse"
  packages = ["."]
  revision = "ab73c814bbdece537f16e92302cd99d1618d0e0d"
  version = "1.0.1"

[[projects]]
  branch = "master"
  name = "github.com/tsileo/defender"
  packages = ["."]
  revision = "959b6fc6dbd04c3e5ef59bf48272323469e132ed"

[[projects]]
  branch = "master"
  name = "github.com/yuin/gopher-lua"
  packages = [
    ".",
    "ast",
    "parse",
    "pm"
  ]
  revision = "84ea3a3c79b3c4b3b39606cc96f255cd63635ce0"

[[projects]]
  branch = "master"
  name = "golang.org/x/crypto"
  packages = [
    "acme",
    "acme/autocert"
  ]
  revision = "374053ea96cb300f8671b8d3b07edeeb06e203b4"

[[projects]]
  branch = "master"
  name = "golang.org/x/net"
  packages = ["context"]
  revision = "e0c57d8f86c17f0724497efcb3bc617e82834821"

[[projects]]
  branch = "master"
  name = "golang.org/x/sys"
  packages = ["unix"]
  revision = "2f1e207ee39ff70f3433e49c6eb52677a515e3b5"

[[projects]]
  branch = "master"
  name = "golang.org/x/time"
  packages = ["rate"]
  revision = "26559e0f760e39c24d730d3224364aef164ee23f"

[[projects]]
  name = "gopkg.in/yaml.v2"
  packages = ["."]
  revision = "7f97868eec74b32b0982dd158a51a446d1da7eb5"
  version = "v2.1.1"

[solve-meta]
  analyzer-name = "dep"
  analyzer-version = 1
  inputs-digest = "7558d482f1912f60deea19f07da363f14640ced2847e9eb745eb9ca6503d7e95"
  solver-name = "gps-cdcl"
  solver-version = 1
