# This file is autogenerated, do not edit; changes may be undone by the next 'dep ensure'.


[[projects]]
  branch = "master"
  name = "a4.io/blobstash"
  packages = ["pkg/apps/luautil"]
  revision = "50818ef6c9f312492bd87f23993cb99e0d4b6df9"

[[projects]]
  branch = "master"
  name = "a4.io/gluapp"
  packages = [
    ".",
    "util"
  ]
  revision = "ca7cb5c8db5bb96d8902b8a1c481efed6fa4abd1"

[[projects]]
  branch = "master"
  name = "a4.io/gluarequire2"
  packages = ["."]
  revision = "66e0eb2c6a9f11df92a9f12ef9863b33f8f252a2"

[[projects]]
  branch = "master"
  name = "a4.io/ssse"
  packages = [
    "pkg/client",
    "pkg/server"
  ]
  revision = "f058f26f891ffe0e17591aadb209d9312836c2e8"

[[projects]]
  branch = "master"
  name = "github.com/garyburd/redigo"
  packages = [
    "internal",
    "redis"
  ]
  revision = "569eae59ada904ea8db7a225c2b47165af08735a"

[[projects]]
  branch = "master"
  name = "github.com/gdamore/encoding"
  packages = ["."]
  revision = "b23993cbb6353f0e6aa98d0ee318a34728f628b9"

[[projects]]
  name = "github.com/gdamore/tcell"
  packages = [
    ".",
    "terminfo"
  ]
  revision = "061d51a604c546b48e92253cb65190d76cecf4c6"
  version = "v1.0.0"

[[projects]]
  branch = "master"
  name = "github.com/google/subcommands"
  packages = ["."]
  revision = "a3682377147edf596d303faabd89f81977b3f678"

[[projects]]
  name = "github.com/gorilla/context"
  packages = ["."]
  revision = "08b5f424b9271eedf6f9f0ce86cb9396ed337a42"
  version = "v1.1.1"

[[projects]]
  name = "github.com/gorilla/mux"
  packages = ["."]
  revision = "e3702bed27f0d39777b0b37b664b6280e8ef8fbf"
  version = "v1.6.2"

[[projects]]
  branch = "master"
  name = "github.com/lestrrat-go/file-rotatelogs"
  packages = [
    ".",
    "internal/option"
  ]
  revision = "81893a53aa4f78667bfe43dc2e966f5ba894383c"

[[projects]]
  branch = "master"
  name = "github.com/lestrrat-go/strftime"
  packages = ["."]
  revision = "59966ecb6d84ec0010de6a5b8deae0299ce5b549"

[[projects]]
  branch = "master"
  name = "github.com/lucasb-eyer/go-colorful"
  packages = ["."]
  revision = "4bd2e4822bdff5de5bf1852034c02084724ebdec"

[[projects]]
  name = "github.com/mattn/go-runewidth"
  packages = ["."]
  revision = "9e777a8366cce605130a531d2cd6363d07ad7317"
  version = "v0.0.2"

[[projects]]
  name = "github.com/patrickmn/go-cache"
  packages = ["."]
  revision = "a3647f8e31d79543b2d0f0ae2fe5c379d72cedc0"
  version = "v2.1.0"

[[projects]]
  name = "github.com/pkg/errors"
  packages = ["."]
  revision = "645ef00459ed84a119197bfb8d8205042c6df63d"
  version = "v0.8.0"

[[projects]]
  branch = "master"
  name = "github.com/rivo/tview"
  packages = ["."]
  revision = "bb80ad41aae697b9c1a4213ab0c4f500cfbf659b"

[[projects]]
  branch = "master"
  name = "github.com/tsileo/defender"
  packages = ["."]
  revision = "959b6fc6dbd04c3e5ef59bf48272323469e132ed"

[[projects]]
  branch = "master"
  name = "github.com/yuin/gopher-lua"
  packages = [
    ".",
    "ast",
    "parse",
    "pm"
  ]
  revision = "b0fa786cf4ea360285924c4a7fd42325be57aec8"

[[projects]]
  branch = "master"
  name = "github.com/ziutek/syslog"
  packages = ["."]
  revision = "8a9fdf1a8529f4c4639db50844d2bf1d2a25ce77"

[[projects]]
  branch = "master"
  name = "golang.org/x/crypto"
  packages = [
    "acme",
    "acme/autocert"
  ]
  revision = "da3eeb5d875662f3bb9f79df58788d0d44b8d2fd"

[[projects]]
  branch = "master"
  name = "golang.org/x/net"
  packages = ["context"]
  revision = "9ef9f5bb98a1fdc41f8cf6c250a4404b4085e389"

[[projects]]
  name = "golang.org/x/text"
  packages = [
    "encoding",
    "encoding/internal/identifier",
    "internal/gen",
    "transform",
    "unicode/cldr"
  ]
  revision = "f21a4dfb5e38f5895301dc265a8def02365cc3d0"
  version = "v0.3.0"

[[projects]]
  branch = "master"
  name = "golang.org/x/time"
  packages = ["rate"]
  revision = "fbb02b2291d28baffd63558aa44b4b56f178d650"

[[projects]]
  name = "gopkg.in/yaml.v2"
  packages = ["."]
  revision = "5420a8b6744d3b0345ab293f6fcba19c978f1183"
  version = "v2.2.1"

[solve-meta]
  analyzer-name = "dep"
  analyzer-version = 1
  inputs-digest = "b7fe752fd68e684a10ac290a9539721769382ff0583e95645f5c1fa9b5096662"
  solver-name = "gps-cdcl"
  solver-version = 1
